PODS:
  - Alamofire (5.8.0)
  - Differentiator (5.0.0)
  - ESPullToRefresh (2.9.3)
  - Kingfisher (7.9.1)
  - Moya (15.0.0):
    - Moya/Core (= 15.0.0)
  - Moya/Core (15.0.0):
    - Alamofire (~> 5.0)
  - Moya/RxSwift (15.0.0):
    - Moya/Core
    - RxSwift (~> 6.0)
  - Networking (0.1.0):
    - Moya (~> 15.0)
    - Moya/RxSwift (~> 15.0)
    - RxSwift (= 6.6.0)
  - Platform (0.1.0):
    - ProgressHUD
    - RxSwift (= 6.6.0)
  - ProgressHUD (14.1.0)
  - RxCocoa (6.6.0):
    - RxRelay (= 6.6.0)
    - RxSwift (= 6.6.0)
  - RxDataSources (5.0.0):
    - Differentiator (~> 5.0)
    - RxCocoa (~> 6.0)
    - RxSwift (~> 6.0)
  - RxRelay (6.6.0):
    - RxSwift (= 6.6.0)
  - RxSwift (6.6.0)
  - SnapKit (5.6.0)
  - SQLite.swift (0.14.1):
    - SQLite.swift/standard (= 0.14.1)
  - SQLite.swift/standard (0.14.1)

DEPENDENCIES:
  - ESPullToRefresh (= 2.9.3)
  - Kingfisher (~> 7.0)
  - Moya (~> 15.0)
  - Moya/RxSwift (~> 15.0)
  - Networking (from `./LocalPods/Networking`)
  - Platform (from `./LocalPods/Platform`)
  - ProgressHUD (= 14.1.0)
  - RxCocoa (= 6.6.0)
  - RxDataSources (~> 5.0)
  - RxSwift (= 6.6.0)
  - SnapKit (~> 5.0)
  - SQLite.swift (~> 0.14.1)

SPEC REPOS:
  trunk:
    - Alamofire
    - Differentiator
    - ESPullToRefresh
    - Kingfisher
    - Moya
    - ProgressHUD
    - RxCocoa
    - RxDataSources
    - RxRelay
    - RxSwift
    - SnapKit
    - SQLite.swift

EXTERNAL SOURCES:
  Networking:
    :path: "./LocalPods/Networking"
  Platform:
    :path: "./LocalPods/Platform"

SPEC CHECKSUMS:
  Alamofire: 0e92e751b3e9e66d7982db43919d01f313b8eb91
  Differentiator: e8497ceab83c1b10ca233716d547b9af21b9344d
  ESPullToRefresh: 0d68daa602b343c81753a1b95e09fd0bfcddfd40
  Kingfisher: 1d14e9f59cbe19389f591c929000332bf70efd32
  Moya: 138f0573e53411fb3dc17016add0b748dfbd78ee
  Networking: 0c930856b6ce649b4f10757a191974594542838b
  Platform: 262929154fd300a31cf42d00851d7501cdc439b6
  ProgressHUD: c4a55f108815c46a6bf082407d2f806840b7a869
  RxCocoa: 44a80de90e25b739b5aeaae3c8c371a32e3343cc
  RxDataSources: aa47cc1ed6c500fa0dfecac5c979b723542d79cf
  RxRelay: 45eaa5db8ee4fb50e5ebd57deec0159e97fa51e6
  RxSwift: a4b44f7d24599f674deebd1818eab82e58410632
  SnapKit: e01d52ebb8ddbc333eefe2132acf85c8227d9c25
  SQLite.swift: 2992550ebf3c5b268bf4352603e3df87d2a4ed72

PODFILE CHECKSUM: 92e6341db3d15524357832a9f9119b3f894a739a

COCOAPODS: 1.15.2
