// !$*UTF8*$!
{
	archiveVersion = 1;
	classes = {
	};
	objectVersion = 56;
	objects = {

/* Begin PBXBuildFile section */
		4BE73C070C2CB4D987E2E2C7 /* libPods-GitWorld-GitWorldUITests.a in Frameworks */ = {isa = PBXBuildFile; fileRef = 2F5D6E59BCA39D506CE0B185 /* libPods-GitWorld-GitWorldUITests.a */; };
		B21533982B4D1C2F00C99FC6 /* AppDelegate.swift in Sources */ = {isa = PBXBuildFile; fileRef = B21533972B4D1C2F00C99FC6 /* AppDelegate.swift */; };
		B215339A2B4D1C2F00C99FC6 /* SceneDelegate.swift in Sources */ = {isa = PBXBuildFile; fileRef = B21533992B4D1C2F00C99FC6 /* SceneDelegate.swift */; };
		B21533A12B4D1C3200C99FC6 /* Assets.xcassets in Resources */ = {isa = PBXBuildFile; fileRef = B21533A02B4D1C3200C99FC6 /* Assets.xcassets */; };
		B21533A42B4D1C3200C99FC6 /* LaunchScreen.storyboard in Resources */ = {isa = PBXBuildFile; fileRef = B21533A22B4D1C3200C99FC6 /* LaunchScreen.storyboard */; };
		B21533AF2B4D1C3200C99FC6 /* GitWorldTests.swift in Sources */ = {isa = PBXBuildFile; fileRef = B21533AE2B4D1C3200C99FC6 /* GitWorldTests.swift */; };
		B21533B92B4D1C3200C99FC6 /* GitWorldUITests.swift in Sources */ = {isa = PBXBuildFile; fileRef = B21533B82B4D1C3200C99FC6 /* GitWorldUITests.swift */; };
		B21533BB2B4D1C3200C99FC6 /* GitWorldUITestsLaunchTests.swift in Sources */ = {isa = PBXBuildFile; fileRef = B21533BA2B4D1C3200C99FC6 /* GitWorldUITestsLaunchTests.swift */; };
		B27CB3AB2B689C8500742E3D /* SearchTabViewController.swift in Sources */ = {isa = PBXBuildFile; fileRef = B27CB3AA2B689C8500742E3D /* SearchTabViewController.swift */; };
		B27CB3AD2B689D3E00742E3D /* SearchTabViewModel.swift in Sources */ = {isa = PBXBuildFile; fileRef = B27CB3AC2B689D3E00742E3D /* SearchTabViewModel.swift */; };
		B27CB3AF2B689DC300742E3D /* RepositoryEntity.swift in Sources */ = {isa = PBXBuildFile; fileRef = B27CB3AE2B689DC300742E3D /* RepositoryEntity.swift */; };
		B2895E1F2B8EDBEC00F41FFD /* SearchTabRepository.swift in Sources */ = {isa = PBXBuildFile; fileRef = B2895E1E2B8EDBEC00F41FFD /* SearchTabRepository.swift */; };
		B2895E212B8EDC2F00F41FFD /* StandardSearchTabRepository.swift in Sources */ = {isa = PBXBuildFile; fileRef = B2895E202B8EDC2F00F41FFD /* StandardSearchTabRepository.swift */; };
		B2895E422B8F309D00F41FFD /* SearchTabViewController+TableView.swift in Sources */ = {isa = PBXBuildFile; fileRef = B2895E412B8F309D00F41FFD /* SearchTabViewController+TableView.swift */; };
		B2895E452B8F31A200F41FFD /* RepositoryCell.swift in Sources */ = {isa = PBXBuildFile; fileRef = B2895E442B8F31A200F41FFD /* RepositoryCell.swift */; };
		B2A0DCBB2BA986A800C6EFB8 /* CollectCoordinator.swift in Sources */ = {isa = PBXBuildFile; fileRef = B2A0DCBA2BA986A800C6EFB8 /* CollectCoordinator.swift */; };
		B2A0DCBD2BA986BE00C6EFB8 /* CollectTabNavigator.swift in Sources */ = {isa = PBXBuildFile; fileRef = B2A0DCBC2BA986BE00C6EFB8 /* CollectTabNavigator.swift */; };
		B2A0DCBF2BA9871400C6EFB8 /* CollectTabViewModel.swift in Sources */ = {isa = PBXBuildFile; fileRef = B2A0DCBE2BA9871400C6EFB8 /* CollectTabViewModel.swift */; };
		B2A0DCC12BA9874800C6EFB8 /* CollectTabViewController.swift in Sources */ = {isa = PBXBuildFile; fileRef = B2A0DCC02BA9874800C6EFB8 /* CollectTabViewController.swift */; };
		B2A0DCC32BA987B000C6EFB8 /* CollectTabUseCase.swift in Sources */ = {isa = PBXBuildFile; fileRef = B2A0DCC22BA987B000C6EFB8 /* CollectTabUseCase.swift */; };
		B2A0DCC52BA98C2F00C6EFB8 /* CollectTabViewController+TableView.swift in Sources */ = {isa = PBXBuildFile; fileRef = B2A0DCC42BA98C2F00C6EFB8 /* CollectTabViewController+TableView.swift */; };
		B2A0DCC72BA9933900C6EFB8 /* SearchTabViewModelTests.swift in Sources */ = {isa = PBXBuildFile; fileRef = B2A0DCC62BA9933900C6EFB8 /* SearchTabViewModelTests.swift */; };
		B2A0DCC92BA9946F00C6EFB8 /* MockSearchTabUseCase.swift in Sources */ = {isa = PBXBuildFile; fileRef = B2A0DCC82BA9946F00C6EFB8 /* MockSearchTabUseCase.swift */; };
		B2A0DCCB2BA994CB00C6EFB8 /* MockSearchTabNavigator.swift in Sources */ = {isa = PBXBuildFile; fileRef = B2A0DCCA2BA994CB00C6EFB8 /* MockSearchTabNavigator.swift */; };
		B2AFC3122B888C21003BE5D5 /* AppAppearance.swift in Sources */ = {isa = PBXBuildFile; fileRef = B2AFC3112B888C21003BE5D5 /* AppAppearance.swift */; };
		B2AFC3172B888E12003BE5D5 /* AppConfiguration.swift in Sources */ = {isa = PBXBuildFile; fileRef = B2AFC3162B888E12003BE5D5 /* AppConfiguration.swift */; };
		B2AFC3192B88929D003BE5D5 /* AppDependencies.swift in Sources */ = {isa = PBXBuildFile; fileRef = B2AFC3182B88929D003BE5D5 /* AppDependencies.swift */; };
		B2AFC31F2B8893EB003BE5D5 /* AppCoordinator.swift in Sources */ = {isa = PBXBuildFile; fileRef = B2AFC31E2B8893EB003BE5D5 /* AppCoordinator.swift */; };
		B2AFC3222B889434003BE5D5 /* SearchTabCoordinator.swift in Sources */ = {isa = PBXBuildFile; fileRef = B2AFC3212B889434003BE5D5 /* SearchTabCoordinator.swift */; };
		B2AFC3242B889443003BE5D5 /* SearchTabNavigator.swift in Sources */ = {isa = PBXBuildFile; fileRef = B2AFC3232B889443003BE5D5 /* SearchTabNavigator.swift */; };
		B2AFC3262B88964D003BE5D5 /* SearchTabUseCase.swift in Sources */ = {isa = PBXBuildFile; fileRef = B2AFC3252B88964D003BE5D5 /* SearchTabUseCase.swift */; };
		B2C207872B99B2B900A4907D /* SearchRepositoryListSecionModel.swift in Sources */ = {isa = PBXBuildFile; fileRef = B2C207862B99B2B900A4907D /* SearchRepositoryListSecionModel.swift */; };
		B2CA53752B984AB700D16E74 /* RepositoryDetailViewController.swift in Sources */ = {isa = PBXBuildFile; fileRef = B2CA53742B984AB700D16E74 /* RepositoryDetailViewController.swift */; };
		B2CA53772B984ACA00D16E74 /* RepositoryDetailViewModel.swift in Sources */ = {isa = PBXBuildFile; fileRef = B2CA53762B984ACA00D16E74 /* RepositoryDetailViewModel.swift */; };
		B2CA53792B984E5800D16E74 /* LoadingProgressLine.swift in Sources */ = {isa = PBXBuildFile; fileRef = B2CA53782B984E5800D16E74 /* LoadingProgressLine.swift */; };
		B2CA537B2B98622600D16E74 /* RepositoryCellModel.swift in Sources */ = {isa = PBXBuildFile; fileRef = B2CA537A2B98622600D16E74 /* RepositoryCellModel.swift */; };
		B2CA537E2B98656A00D16E74 /* RepositoryDatabase.swift in Sources */ = {isa = PBXBuildFile; fileRef = B2CA537D2B98656A00D16E74 /* RepositoryDatabase.swift */; };
		E5A6039FD407F7A53A369DAE /* libPods-GitWorldTests.a in Frameworks */ = {isa = PBXBuildFile; fileRef = 25BA582A9A1EA9C451E97455 /* libPods-GitWorldTests.a */; };
		E5FFDB23E5B722154F449DBD /* libPods-GitWorld.a in Frameworks */ = {isa = PBXBuildFile; fileRef = 7A2D93FAD0234B92331517B5 /* libPods-GitWorld.a */; };
/* End PBXBuildFile section */

/* Begin PBXContainerItemProxy section */
		B21533AB2B4D1C3200C99FC6 /* PBXContainerItemProxy */ = {
			isa = PBXContainerItemProxy;
			containerPortal = B215338C2B4D1C2F00C99FC6 /* Project object */;
			proxyType = 1;
			remoteGlobalIDString = B21533932B4D1C2F00C99FC6;
			remoteInfo = GitWorld;
		};
		B21533B52B4D1C3200C99FC6 /* PBXContainerItemProxy */ = {
			isa = PBXContainerItemProxy;
			containerPortal = B215338C2B4D1C2F00C99FC6 /* Project object */;
			proxyType = 1;
			remoteGlobalIDString = B21533932B4D1C2F00C99FC6;
			remoteInfo = GitWorld;
		};
/* End PBXContainerItemProxy section */

/* Begin PBXFileReference section */
		25BA582A9A1EA9C451E97455 /* libPods-GitWorldTests.a */ = {isa = PBXFileReference; explicitFileType = archive.ar; includeInIndex = 0; path = "libPods-GitWorldTests.a"; sourceTree = BUILT_PRODUCTS_DIR; };
		2F5D6E59BCA39D506CE0B185 /* libPods-GitWorld-GitWorldUITests.a */ = {isa = PBXFileReference; explicitFileType = archive.ar; includeInIndex = 0; path = "libPods-GitWorld-GitWorldUITests.a"; sourceTree = BUILT_PRODUCTS_DIR; };
		5BDE969826D8B2CCAAF51C2A /* Pods-GitWorld.debug.xcconfig */ = {isa = PBXFileReference; includeInIndex = 1; lastKnownFileType = text.xcconfig; name = "Pods-GitWorld.debug.xcconfig"; path = "Target Support Files/Pods-GitWorld/Pods-GitWorld.debug.xcconfig"; sourceTree = "<group>"; };
		7A2D93FAD0234B92331517B5 /* libPods-GitWorld.a */ = {isa = PBXFileReference; explicitFileType = archive.ar; includeInIndex = 0; path = "libPods-GitWorld.a"; sourceTree = BUILT_PRODUCTS_DIR; };
		7B11496D86DA6BE72050A364 /* Pods-GitWorld-GitWorldUITests.debug.xcconfig */ = {isa = PBXFileReference; includeInIndex = 1; lastKnownFileType = text.xcconfig; name = "Pods-GitWorld-GitWorldUITests.debug.xcconfig"; path = "Target Support Files/Pods-GitWorld-GitWorldUITests/Pods-GitWorld-GitWorldUITests.debug.xcconfig"; sourceTree = "<group>"; };
		84A0F85BD32A789A06041C70 /* Pods-GitWorldTests.release.xcconfig */ = {isa = PBXFileReference; includeInIndex = 1; lastKnownFileType = text.xcconfig; name = "Pods-GitWorldTests.release.xcconfig"; path = "Target Support Files/Pods-GitWorldTests/Pods-GitWorldTests.release.xcconfig"; sourceTree = "<group>"; };
		95AC8FE80AE526410CCFC16D /* Pods-GitWorld.release.xcconfig */ = {isa = PBXFileReference; includeInIndex = 1; lastKnownFileType = text.xcconfig; name = "Pods-GitWorld.release.xcconfig"; path = "Target Support Files/Pods-GitWorld/Pods-GitWorld.release.xcconfig"; sourceTree = "<group>"; };
		98048AA4FEFF57E4E7F9E588 /* Pods-GitWorld-GitWorldUITests.release.xcconfig */ = {isa = PBXFileReference; includeInIndex = 1; lastKnownFileType = text.xcconfig; name = "Pods-GitWorld-GitWorldUITests.release.xcconfig"; path = "Target Support Files/Pods-GitWorld-GitWorldUITests/Pods-GitWorld-GitWorldUITests.release.xcconfig"; sourceTree = "<group>"; };
		B21533942B4D1C2F00C99FC6 /* GitWorld.app */ = {isa = PBXFileReference; explicitFileType = wrapper.application; includeInIndex = 0; path = GitWorld.app; sourceTree = BUILT_PRODUCTS_DIR; };
		B21533972B4D1C2F00C99FC6 /* AppDelegate.swift */ = {isa = PBXFileReference; lastKnownFileType = sourcecode.swift; path = AppDelegate.swift; sourceTree = "<group>"; };
		B21533992B4D1C2F00C99FC6 /* SceneDelegate.swift */ = {isa = PBXFileReference; lastKnownFileType = sourcecode.swift; path = SceneDelegate.swift; sourceTree = "<group>"; };
		B21533A02B4D1C3200C99FC6 /* Assets.xcassets */ = {isa = PBXFileReference; lastKnownFileType = folder.assetcatalog; path = Assets.xcassets; sourceTree = "<group>"; };
		B21533A32B4D1C3200C99FC6 /* Base */ = {isa = PBXFileReference; lastKnownFileType = file.storyboard; name = Base; path = Base.lproj/LaunchScreen.storyboard; sourceTree = "<group>"; };
		B21533A52B4D1C3200C99FC6 /* Info.plist */ = {isa = PBXFileReference; lastKnownFileType = text.plist.xml; path = Info.plist; sourceTree = "<group>"; };
		B21533AA2B4D1C3200C99FC6 /* GitWorldTests.xctest */ = {isa = PBXFileReference; explicitFileType = wrapper.cfbundle; includeInIndex = 0; path = GitWorldTests.xctest; sourceTree = BUILT_PRODUCTS_DIR; };
		B21533AE2B4D1C3200C99FC6 /* GitWorldTests.swift */ = {isa = PBXFileReference; lastKnownFileType = sourcecode.swift; path = GitWorldTests.swift; sourceTree = "<group>"; };
		B21533B42B4D1C3200C99FC6 /* GitWorldUITests.xctest */ = {isa = PBXFileReference; explicitFileType = wrapper.cfbundle; includeInIndex = 0; path = GitWorldUITests.xctest; sourceTree = BUILT_PRODUCTS_DIR; };
		B21533B82B4D1C3200C99FC6 /* GitWorldUITests.swift */ = {isa = PBXFileReference; lastKnownFileType = sourcecode.swift; path = GitWorldUITests.swift; sourceTree = "<group>"; };
		B21533BA2B4D1C3200C99FC6 /* GitWorldUITestsLaunchTests.swift */ = {isa = PBXFileReference; lastKnownFileType = sourcecode.swift; path = GitWorldUITestsLaunchTests.swift; sourceTree = "<group>"; };
		B27CB3AA2B689C8500742E3D /* SearchTabViewController.swift */ = {isa = PBXFileReference; lastKnownFileType = sourcecode.swift; path = SearchTabViewController.swift; sourceTree = "<group>"; };
		B27CB3AC2B689D3E00742E3D /* SearchTabViewModel.swift */ = {isa = PBXFileReference; lastKnownFileType = sourcecode.swift; path = SearchTabViewModel.swift; sourceTree = "<group>"; };
		B27CB3AE2B689DC300742E3D /* RepositoryEntity.swift */ = {isa = PBXFileReference; lastKnownFileType = sourcecode.swift; path = RepositoryEntity.swift; sourceTree = "<group>"; };
		B2895E1E2B8EDBEC00F41FFD /* SearchTabRepository.swift */ = {isa = PBXFileReference; lastKnownFileType = sourcecode.swift; path = SearchTabRepository.swift; sourceTree = "<group>"; };
		B2895E202B8EDC2F00F41FFD /* StandardSearchTabRepository.swift */ = {isa = PBXFileReference; lastKnownFileType = sourcecode.swift; path = StandardSearchTabRepository.swift; sourceTree = "<group>"; };
		B2895E412B8F309D00F41FFD /* SearchTabViewController+TableView.swift */ = {isa = PBXFileReference; lastKnownFileType = sourcecode.swift; path = "SearchTabViewController+TableView.swift"; sourceTree = "<group>"; };
		B2895E442B8F31A200F41FFD /* RepositoryCell.swift */ = {isa = PBXFileReference; lastKnownFileType = sourcecode.swift; path = RepositoryCell.swift; sourceTree = "<group>"; };
		B2A0DCBA2BA986A800C6EFB8 /* CollectCoordinator.swift */ = {isa = PBXFileReference; lastKnownFileType = sourcecode.swift; path = CollectCoordinator.swift; sourceTree = "<group>"; };
		B2A0DCBC2BA986BE00C6EFB8 /* CollectTabNavigator.swift */ = {isa = PBXFileReference; lastKnownFileType = sourcecode.swift; path = CollectTabNavigator.swift; sourceTree = "<group>"; };
		B2A0DCBE2BA9871400C6EFB8 /* CollectTabViewModel.swift */ = {isa = PBXFileReference; lastKnownFileType = sourcecode.swift; path = CollectTabViewModel.swift; sourceTree = "<group>"; };
		B2A0DCC02BA9874800C6EFB8 /* CollectTabViewController.swift */ = {isa = PBXFileReference; lastKnownFileType = sourcecode.swift; path = CollectTabViewController.swift; sourceTree = "<group>"; };
		B2A0DCC22BA987B000C6EFB8 /* CollectTabUseCase.swift */ = {isa = PBXFileReference; lastKnownFileType = sourcecode.swift; path = CollectTabUseCase.swift; sourceTree = "<group>"; };
		B2A0DCC42BA98C2F00C6EFB8 /* CollectTabViewController+TableView.swift */ = {isa = PBXFileReference; lastKnownFileType = sourcecode.swift; path = "CollectTabViewController+TableView.swift"; sourceTree = "<group>"; };
		B2A0DCC62BA9933900C6EFB8 /* SearchTabViewModelTests.swift */ = {isa = PBXFileReference; lastKnownFileType = sourcecode.swift; path = SearchTabViewModelTests.swift; sourceTree = "<group>"; };
		B2A0DCC82BA9946F00C6EFB8 /* MockSearchTabUseCase.swift */ = {isa = PBXFileReference; lastKnownFileType = sourcecode.swift; path = MockSearchTabUseCase.swift; sourceTree = "<group>"; };
		B2A0DCCA2BA994CB00C6EFB8 /* MockSearchTabNavigator.swift */ = {isa = PBXFileReference; lastKnownFileType = sourcecode.swift; path = MockSearchTabNavigator.swift; sourceTree = "<group>"; };
		B2AFC3112B888C21003BE5D5 /* AppAppearance.swift */ = {isa = PBXFileReference; lastKnownFileType = sourcecode.swift; path = AppAppearance.swift; sourceTree = "<group>"; };
		B2AFC3162B888E12003BE5D5 /* AppConfiguration.swift */ = {isa = PBXFileReference; lastKnownFileType = sourcecode.swift; path = AppConfiguration.swift; sourceTree = "<group>"; };
		B2AFC3182B88929D003BE5D5 /* AppDependencies.swift */ = {isa = PBXFileReference; lastKnownFileType = sourcecode.swift; path = AppDependencies.swift; sourceTree = "<group>"; };
		B2AFC31E2B8893EB003BE5D5 /* AppCoordinator.swift */ = {isa = PBXFileReference; lastKnownFileType = sourcecode.swift; path = AppCoordinator.swift; sourceTree = "<group>"; };
		B2AFC3212B889434003BE5D5 /* SearchTabCoordinator.swift */ = {isa = PBXFileReference; lastKnownFileType = sourcecode.swift; path = SearchTabCoordinator.swift; sourceTree = "<group>"; };
		B2AFC3232B889443003BE5D5 /* SearchTabNavigator.swift */ = {isa = PBXFileReference; lastKnownFileType = sourcecode.swift; path = SearchTabNavigator.swift; sourceTree = "<group>"; };
		B2AFC3252B88964D003BE5D5 /* SearchTabUseCase.swift */ = {isa = PBXFileReference; lastKnownFileType = sourcecode.swift; path = SearchTabUseCase.swift; sourceTree = "<group>"; };
		B2C207862B99B2B900A4907D /* SearchRepositoryListSecionModel.swift */ = {isa = PBXFileReference; lastKnownFileType = sourcecode.swift; path = SearchRepositoryListSecionModel.swift; sourceTree = "<group>"; };
		B2CA53742B984AB700D16E74 /* RepositoryDetailViewController.swift */ = {isa = PBXFileReference; lastKnownFileType = sourcecode.swift; path = RepositoryDetailViewController.swift; sourceTree = "<group>"; };
		B2CA53762B984ACA00D16E74 /* RepositoryDetailViewModel.swift */ = {isa = PBXFileReference; lastKnownFileType = sourcecode.swift; path = RepositoryDetailViewModel.swift; sourceTree = "<group>"; };
		B2CA53782B984E5800D16E74 /* LoadingProgressLine.swift */ = {isa = PBXFileReference; lastKnownFileType = sourcecode.swift; path = LoadingProgressLine.swift; sourceTree = "<group>"; };
		B2CA537A2B98622600D16E74 /* RepositoryCellModel.swift */ = {isa = PBXFileReference; lastKnownFileType = sourcecode.swift; path = RepositoryCellModel.swift; sourceTree = "<group>"; };
		B2CA537D2B98656A00D16E74 /* RepositoryDatabase.swift */ = {isa = PBXFileReference; lastKnownFileType = sourcecode.swift; path = RepositoryDatabase.swift; sourceTree = "<group>"; };
		B2FC2AE92BA42D71000F613D /* DebugConfig.xcconfig */ = {isa = PBXFileReference; lastKnownFileType = text.xcconfig; path = DebugConfig.xcconfig; sourceTree = "<group>"; };
		B2FC2AEA2BA4304F000F613D /* ReleaseConfig.xcconfig */ = {isa = PBXFileReference; lastKnownFileType = text.xcconfig; path = ReleaseConfig.xcconfig; sourceTree = "<group>"; };
		C9E965CB4E175543C479B284 /* Pods-GitWorldTests.debug.xcconfig */ = {isa = PBXFileReference; includeInIndex = 1; lastKnownFileType = text.xcconfig; name = "Pods-GitWorldTests.debug.xcconfig"; path = "Target Support Files/Pods-GitWorldTests/Pods-GitWorldTests.debug.xcconfig"; sourceTree = "<group>"; };
/* End PBXFileReference section */

/* Begin PBXFrameworksBuildPhase section */
		B21533912B4D1C2F00C99FC6 /* Frameworks */ = {
			isa = PBXFrameworksBuildPhase;
			buildActionMask = 2147483647;
			files = (
				E5FFDB23E5B722154F449DBD /* libPods-GitWorld.a in Frameworks */,
			);
			runOnlyForDeploymentPostprocessing = 0;
		};
		B21533A72B4D1C3200C99FC6 /* Frameworks */ = {
			isa = PBXFrameworksBuildPhase;
			buildActionMask = 2147483647;
			files = (
				E5A6039FD407F7A53A369DAE /* libPods-GitWorldTests.a in Frameworks */,
			);
			runOnlyForDeploymentPostprocessing = 0;
		};
		B21533B12B4D1C3200C99FC6 /* Frameworks */ = {
			isa = PBXFrameworksBuildPhase;
			buildActionMask = 2147483647;
			files = (
				4BE73C070C2CB4D987E2E2C7 /* libPods-GitWorld-GitWorldUITests.a in Frameworks */,
			);
			runOnlyForDeploymentPostprocessing = 0;
		};
/* End PBXFrameworksBuildPhase section */

/* Begin PBXGroup section */
		0CF9A06A395FDAFA9730D290 /* Pods */ = {
			isa = PBXGroup;
			children = (
				5BDE969826D8B2CCAAF51C2A /* Pods-GitWorld.debug.xcconfig */,
				95AC8FE80AE526410CCFC16D /* Pods-GitWorld.release.xcconfig */,
				7B11496D86DA6BE72050A364 /* Pods-GitWorld-GitWorldUITests.debug.xcconfig */,
				98048AA4FEFF57E4E7F9E588 /* Pods-GitWorld-GitWorldUITests.release.xcconfig */,
				C9E965CB4E175543C479B284 /* Pods-GitWorldTests.debug.xcconfig */,
				84A0F85BD32A789A06041C70 /* Pods-GitWorldTests.release.xcconfig */,
			);
			path = Pods;
			sourceTree = "<group>";
		};
		56D4AB799489F75103C08466 /* Frameworks */ = {
			isa = PBXGroup;
			children = (
				7A2D93FAD0234B92331517B5 /* libPods-GitWorld.a */,
				2F5D6E59BCA39D506CE0B185 /* libPods-GitWorld-GitWorldUITests.a */,
				25BA582A9A1EA9C451E97455 /* libPods-GitWorldTests.a */,
			);
			name = Frameworks;
			sourceTree = "<group>";
		};
		B215338B2B4D1C2F00C99FC6 = {
			isa = PBXGroup;
			children = (
				B2FC2AEA2BA4304F000F613D /* ReleaseConfig.xcconfig */,
				B2FC2AE92BA42D71000F613D /* DebugConfig.xcconfig */,
				B21533962B4D1C2F00C99FC6 /* GitWorld */,
				B21533AD2B4D1C3200C99FC6 /* GitWorldTests */,
				B21533B72B4D1C3200C99FC6 /* GitWorldUITests */,
				B21533952B4D1C2F00C99FC6 /* Products */,
				0CF9A06A395FDAFA9730D290 /* Pods */,
				56D4AB799489F75103C08466 /* Frameworks */,
			);
			sourceTree = "<group>";
		};
		B21533952B4D1C2F00C99FC6 /* Products */ = {
			isa = PBXGroup;
			children = (
				B21533942B4D1C2F00C99FC6 /* GitWorld.app */,
				B21533AA2B4D1C3200C99FC6 /* GitWorldTests.xctest */,
				B21533B42B4D1C3200C99FC6 /* GitWorldUITests.xctest */,
			);
			name = Products;
			sourceTree = "<group>";
		};
		B21533962B4D1C2F00C99FC6 /* GitWorld */ = {
			isa = PBXGroup;
			children = (
				B258ED9E2B4D2B4900A8F5AD /* Application */,
				B258ED9F2B4D2B5800A8F5AD /* Scenes */,
				B258EDA02B4D2B6200A8F5AD /* Domain */,
				B258EDA12B4D2B6D00A8F5AD /* Data */,
				B258ED9D2B4D2AE000A8F5AD /* Resources */,
			);
			path = GitWorld;
			sourceTree = "<group>";
		};
		B21533AD2B4D1C3200C99FC6 /* GitWorldTests */ = {
			isa = PBXGroup;
			children = (
				B21533AE2B4D1C3200C99FC6 /* GitWorldTests.swift */,
				B2A0DCC82BA9946F00C6EFB8 /* MockSearchTabUseCase.swift */,
				B2A0DCCA2BA994CB00C6EFB8 /* MockSearchTabNavigator.swift */,
				B2A0DCC62BA9933900C6EFB8 /* SearchTabViewModelTests.swift */,
			);
			path = GitWorldTests;
			sourceTree = "<group>";
		};
		B21533B72B4D1C3200C99FC6 /* GitWorldUITests */ = {
			isa = PBXGroup;
			children = (
				B21533B82B4D1C3200C99FC6 /* GitWorldUITests.swift */,
				B21533BA2B4D1C3200C99FC6 /* GitWorldUITestsLaunchTests.swift */,
			);
			path = GitWorldUITests;
			sourceTree = "<group>";
		};
		B258ED9D2B4D2AE000A8F5AD /* Resources */ = {
			isa = PBXGroup;
			children = (
				B21533A02B4D1C3200C99FC6 /* Assets.xcassets */,
				B21533A22B4D1C3200C99FC6 /* LaunchScreen.storyboard */,
				B21533A52B4D1C3200C99FC6 /* Info.plist */,
			);
			path = Resources;
			sourceTree = "<group>";
		};
		B258ED9E2B4D2B4900A8F5AD /* Application */ = {
			isa = PBXGroup;
			children = (
				B21533972B4D1C2F00C99FC6 /* AppDelegate.swift */,
				B21533992B4D1C2F00C99FC6 /* SceneDelegate.swift */,
				B2AFC3112B888C21003BE5D5 /* AppAppearance.swift */,
				B2AFC3162B888E12003BE5D5 /* AppConfiguration.swift */,
				B2AFC3182B88929D003BE5D5 /* AppDependencies.swift */,
				B2AFC31E2B8893EB003BE5D5 /* AppCoordinator.swift */,
			);
			path = Application;
			sourceTree = "<group>";
		};
		B258ED9F2B4D2B5800A8F5AD /* Scenes */ = {
			isa = PBXGroup;
			children = (
				B2A0DCB52BA985F600C6EFB8 /* Collect */,
				B27CB39F2B68985F00742E3D /* Search */,
				B27CB39E2B6896E000742E3D /* Mine */,
			);
			path = Scenes;
			sourceTree = "<group>";
		};
		B258EDA02B4D2B6200A8F5AD /* Domain */ = {
			isa = PBXGroup;
			children = (
				B258EDA42B4D2B9900A8F5AD /* UseCases */,
				B258EDA32B4D2B9000A8F5AD /* Entities */,
				B258EDA22B4D2B8400A8F5AD /* Repositories */,
			);
			path = Domain;
			sourceTree = "<group>";
		};
		B258EDA12B4D2B6D00A8F5AD /* Data */ = {
			isa = PBXGroup;
			children = (
				B2CA537C2B9863F500D16E74 /* Database */,
				B258EDA52B4D2BB900A8F5AD /* Repositories */,
			);
			path = Data;
			sourceTree = "<group>";
		};
		B258EDA22B4D2B8400A8F5AD /* Repositories */ = {
			isa = PBXGroup;
			children = (
				B2895E1E2B8EDBEC00F41FFD /* SearchTabRepository.swift */,
			);
			path = Repositories;
			sourceTree = "<group>";
		};
		B258EDA32B4D2B9000A8F5AD /* Entities */ = {
			isa = PBXGroup;
			children = (
				B27CB3AE2B689DC300742E3D /* RepositoryEntity.swift */,
			);
			path = Entities;
			sourceTree = "<group>";
		};
		B258EDA42B4D2B9900A8F5AD /* UseCases */ = {
			isa = PBXGroup;
			children = (
				B2AFC3252B88964D003BE5D5 /* SearchTabUseCase.swift */,
				B2A0DCC22BA987B000C6EFB8 /* CollectTabUseCase.swift */,
			);
			path = UseCases;
			sourceTree = "<group>";
		};
		B258EDA52B4D2BB900A8F5AD /* Repositories */ = {
			isa = PBXGroup;
			children = (
				B2895E202B8EDC2F00F41FFD /* StandardSearchTabRepository.swift */,
			);
			path = Repositories;
			sourceTree = "<group>";
		};
		B27CB39E2B6896E000742E3D /* Mine */ = {
			isa = PBXGroup;
			children = (
			);
			path = Mine;
			sourceTree = "<group>";
		};
		B27CB39F2B68985F00742E3D /* Search */ = {
			isa = PBXGroup;
			children = (
				B2AFC3202B889418003BE5D5 /* Coordinator */,
				B27CB3A22B68987B00742E3D /* ViewModels */,
				B27CB3A12B68987300742E3D /* Models */,
				B2895E432B8F317400F41FFD /* ViewControllers */,
				B27CB3A02B68986A00742E3D /* Views */,
			);
			path = Search;
			sourceTree = "<group>";
		};
		B27CB3A02B68986A00742E3D /* Views */ = {
			isa = PBXGroup;
			children = (
				B2895E442B8F31A200F41FFD /* RepositoryCell.swift */,
				B2CA53782B984E5800D16E74 /* LoadingProgressLine.swift */,
			);
			path = Views;
			sourceTree = "<group>";
		};
		B27CB3A12B68987300742E3D /* Models */ = {
			isa = PBXGroup;
			children = (
				B2CA537A2B98622600D16E74 /* RepositoryCellModel.swift */,
				B2C207862B99B2B900A4907D /* SearchRepositoryListSecionModel.swift */,
			);
			path = Models;
			sourceTree = "<group>";
		};
		B27CB3A22B68987B00742E3D /* ViewModels */ = {
			isa = PBXGroup;
			children = (
				B27CB3AC2B689D3E00742E3D /* SearchTabViewModel.swift */,
				B2CA53762B984ACA00D16E74 /* RepositoryDetailViewModel.swift */,
			);
			path = ViewModels;
			sourceTree = "<group>";
		};
		B2895E432B8F317400F41FFD /* ViewControllers */ = {
			isa = PBXGroup;
			children = (
				B27CB3AA2B689C8500742E3D /* SearchTabViewController.swift */,
				B2895E412B8F309D00F41FFD /* SearchTabViewController+TableView.swift */,
				B2CA53742B984AB700D16E74 /* RepositoryDetailViewController.swift */,
			);
			path = ViewControllers;
			sourceTree = "<group>";
		};
		B2A0DCB52BA985F600C6EFB8 /* Collect */ = {
			isa = PBXGroup;
			children = (
				B2A0DCB62BA9860200C6EFB8 /* Coordinator */,
				B2A0DCB72BA9865900C6EFB8 /* ViewModels */,
				B2A0DCB82BA9866100C6EFB8 /* Models */,
				B2A0DCB92BA9867200C6EFB8 /* ViewControllers */,
			);
			path = Collect;
			sourceTree = "<group>";
		};
		B2A0DCB62BA9860200C6EFB8 /* Coordinator */ = {
			isa = PBXGroup;
			children = (
				B2A0DCBA2BA986A800C6EFB8 /* CollectCoordinator.swift */,
				B2A0DCBC2BA986BE00C6EFB8 /* CollectTabNavigator.swift */,
			);
			path = Coordinator;
			sourceTree = "<group>";
		};
		B2A0DCB72BA9865900C6EFB8 /* ViewModels */ = {
			isa = PBXGroup;
			children = (
				B2A0DCBE2BA9871400C6EFB8 /* CollectTabViewModel.swift */,
			);
			path = ViewModels;
			sourceTree = "<group>";
		};
		B2A0DCB82BA9866100C6EFB8 /* Models */ = {
			isa = PBXGroup;
			children = (
			);
			path = Models;
			sourceTree = "<group>";
		};
		B2A0DCB92BA9867200C6EFB8 /* ViewControllers */ = {
			isa = PBXGroup;
			children = (
				B2A0DCC02BA9874800C6EFB8 /* CollectTabViewController.swift */,
				B2A0DCC42BA98C2F00C6EFB8 /* CollectTabViewController+TableView.swift */,
			);
			path = ViewControllers;
			sourceTree = "<group>";
		};
		B2AFC3202B889418003BE5D5 /* Coordinator */ = {
			isa = PBXGroup;
			children = (
				B2AFC3212B889434003BE5D5 /* SearchTabCoordinator.swift */,
				B2AFC3232B889443003BE5D5 /* SearchTabNavigator.swift */,
			);
			path = Coordinator;
			sourceTree = "<group>";
		};
		B2CA537C2B9863F500D16E74 /* Database */ = {
			isa = PBXGroup;
			children = (
				B2CA537D2B98656A00D16E74 /* RepositoryDatabase.swift */,
			);
			path = Database;
			sourceTree = "<group>";
		};
/* End PBXGroup section */

/* Begin PBXNativeTarget section */
		B21533932B4D1C2F00C99FC6 /* GitWorld */ = {
			isa = PBXNativeTarget;
			buildConfigurationList = B21533BE2B4D1C3300C99FC6 /* Build configuration list for PBXNativeTarget "GitWorld" */;
			buildPhases = (
				721B52F95F7C565102E33591 /* [CP] Check Pods Manifest.lock */,
				B21533902B4D1C2F00C99FC6 /* Sources */,
				B21533912B4D1C2F00C99FC6 /* Frameworks */,
				B21533922B4D1C2F00C99FC6 /* Resources */,
				F4022E1B1B8542136FD8AB8B /* [CP] Copy Pods Resources */,
			);
			buildRules = (
			);
			dependencies = (
			);
			name = GitWorld;
			productName = GitWorld;
			productReference = B21533942B4D1C2F00C99FC6 /* GitWorld.app */;
			productType = "com.apple.product-type.application";
		};
		B21533A92B4D1C3200C99FC6 /* GitWorldTests */ = {
			isa = PBXNativeTarget;
			buildConfigurationList = B21533C12B4D1C3300C99FC6 /* Build configuration list for PBXNativeTarget "GitWorldTests" */;
			buildPhases = (
				654F11E1BF5ABD26A84C129E /* [CP] Check Pods Manifest.lock */,
				B21533A62B4D1C3200C99FC6 /* Sources */,
				B21533A72B4D1C3200C99FC6 /* Frameworks */,
				B21533A82B4D1C3200C99FC6 /* Resources */,
			);
			buildRules = (
			);
			dependencies = (
				B21533AC2B4D1C3200C99FC6 /* PBXTargetDependency */,
			);
			name = GitWorldTests;
			productName = GitWorldTests;
			productReference = B21533AA2B4D1C3200C99FC6 /* GitWorldTests.xctest */;
			productType = "com.apple.product-type.bundle.unit-test";
		};
		B21533B32B4D1C3200C99FC6 /* GitWorldUITests */ = {
			isa = PBXNativeTarget;
			buildConfigurationList = B21533C42B4D1C3300C99FC6 /* Build configuration list for PBXNativeTarget "GitWorldUITests" */;
			buildPhases = (
				C65B318CE18BA3C9D2825D56 /* [CP] Check Pods Manifest.lock */,
				B21533B02B4D1C3200C99FC6 /* Sources */,
				B21533B12B4D1C3200C99FC6 /* Frameworks */,
				B21533B22B4D1C3200C99FC6 /* Resources */,
				A534AF0A1146D2EFABDB049D /* [CP] Copy Pods Resources */,
			);
			buildRules = (
			);
			dependencies = (
				B21533B62B4D1C3200C99FC6 /* PBXTargetDependency */,
			);
			name = GitWorldUITests;
			productName = GitWorldUITests;
			productReference = B21533B42B4D1C3200C99FC6 /* GitWorldUITests.xctest */;
			productType = "com.apple.product-type.bundle.ui-testing";
		};
/* End PBXNativeTarget section */

/* Begin PBXProject section */
		B215338C2B4D1C2F00C99FC6 /* Project object */ = {
			isa = PBXProject;
			attributes = {
				BuildIndependentTargetsInParallel = 1;
				LastSwiftUpdateCheck = 1500;
				LastUpgradeCheck = 1500;
				TargetAttributes = {
					B21533932B4D1C2F00C99FC6 = {
						CreatedOnToolsVersion = 15.0;
					};
					B21533A92B4D1C3200C99FC6 = {
						CreatedOnToolsVersion = 15.0;
						TestTargetID = B21533932B4D1C2F00C99FC6;
					};
					B21533B32B4D1C3200C99FC6 = {
						CreatedOnToolsVersion = 15.0;
						TestTargetID = B21533932B4D1C2F00C99FC6;
					};
				};
			};
			buildConfigurationList = B215338F2B4D1C2F00C99FC6 /* Build configuration list for PBXProject "GitWorld" */;
			compatibilityVersion = "Xcode 14.0";
			developmentRegion = en;
			hasScannedForEncodings = 0;
			knownRegions = (
				en,
				Base,
			);
			mainGroup = B215338B2B4D1C2F00C99FC6;
			productRefGroup = B21533952B4D1C2F00C99FC6 /* Products */;
			projectDirPath = "";
			projectRoot = "";
			targets = (
				B21533932B4D1C2F00C99FC6 /* GitWorld */,
				B21533A92B4D1C3200C99FC6 /* GitWorldTests */,
				B21533B32B4D1C3200C99FC6 /* GitWorldUITests */,
			);
		};
/* End PBXProject section */

/* Begin PBXResourcesBuildPhase section */
		B21533922B4D1C2F00C99FC6 /* Resources */ = {
			isa = PBXResourcesBuildPhase;
			buildActionMask = 2147483647;
			files = (
				B21533A42B4D1C3200C99FC6 /* LaunchScreen.storyboard in Resources */,
				B21533A12B4D1C3200C99FC6 /* Assets.xcassets in Resources */,
			);
			runOnlyForDeploymentPostprocessing = 0;
		};
		B21533A82B4D1C3200C99FC6 /* Resources */ = {
			isa = PBXResourcesBuildPhase;
			buildActionMask = 2147483647;
			files = (
			);
			runOnlyForDeploymentPostprocessing = 0;
		};
		B21533B22B4D1C3200C99FC6 /* Resources */ = {
			isa = PBXResourcesBuildPhase;
			buildActionMask = 2147483647;
			files = (
			);
			runOnlyForDeploymentPostprocessing = 0;
		};
/* End PBXResourcesBuildPhase section */

/* Begin PBXShellScriptBuildPhase section */
		654F11E1BF5ABD26A84C129E /* [CP] Check Pods Manifest.lock */ = {
			isa = PBXShellScriptBuildPhase;
			buildActionMask = 2147483647;
			files = (
			);
			inputFileListPaths = (
			);
			inputPaths = (
				"${PODS_PODFILE_DIR_PATH}/Podfile.lock",
				"${PODS_ROOT}/Manifest.lock",
			);
			name = "[CP] Check Pods Manifest.lock";
			outputFileListPaths = (
			);
			outputPaths = (
				"$(DERIVED_FILE_DIR)/Pods-GitWorldTests-checkManifestLockResult.txt",
			);
			runOnlyForDeploymentPostprocessing = 0;
			shellPath = /bin/sh;
			shellScript = "diff \"${PODS_PODFILE_DIR_PATH}/Podfile.lock\" \"${PODS_ROOT}/Manifest.lock\" > /dev/null\nif [ $? != 0 ] ; then\n    # print error to STDERR\n    echo \"error: The sandbox is not in sync with the Podfile.lock. Run 'pod install' or update your CocoaPods installation.\" >&2\n    exit 1\nfi\n# This output is used by Xcode 'outputs' to avoid re-running this script phase.\necho \"SUCCESS\" > \"${SCRIPT_OUTPUT_FILE_0}\"\n";
			showEnvVarsInLog = 0;
		};
		721B52F95F7C565102E33591 /* [CP] Check Pods Manifest.lock */ = {
			isa = PBXShellScriptBuildPhase;
			buildActionMask = 2147483647;
			files = (
			);
			inputFileListPaths = (
			);
			inputPaths = (
				"${PODS_PODFILE_DIR_PATH}/Podfile.lock",
				"${PODS_ROOT}/Manifest.lock",
			);
			name = "[CP] Check Pods Manifest.lock";
			outputFileListPaths = (
			);
			outputPaths = (
				"$(DERIVED_FILE_DIR)/Pods-GitWorld-checkManifestLockResult.txt",
			);
			runOnlyForDeploymentPostprocessing = 0;
			shellPath = /bin/sh;
			shellScript = "diff \"${PODS_PODFILE_DIR_PATH}/Podfile.lock\" \"${PODS_ROOT}/Manifest.lock\" > /dev/null\nif [ $? != 0 ] ; then\n    # print error to STDERR\n    echo \"error: The sandbox is not in sync with the Podfile.lock. Run 'pod install' or update your CocoaPods installation.\" >&2\n    exit 1\nfi\n# This output is used by Xcode 'outputs' to avoid re-running this script phase.\necho \"SUCCESS\" > \"${SCRIPT_OUTPUT_FILE_0}\"\n";
			showEnvVarsInLog = 0;
		};
		A534AF0A1146D2EFABDB049D /* [CP] Copy Pods Resources */ = {
			isa = PBXShellScriptBuildPhase;
			buildActionMask = 2147483647;
			files = (
			);
			inputFileListPaths = (
				"${PODS_ROOT}/Target Support Files/Pods-GitWorld-GitWorldUITests/Pods-GitWorld-GitWorldUITests-resources-${CONFIGURATION}-input-files.xcfilelist",
			);
			name = "[CP] Copy Pods Resources";
			outputFileListPaths = (
				"${PODS_ROOT}/Target Support Files/Pods-GitWorld-GitWorldUITests/Pods-GitWorld-GitWorldUITests-resources-${CONFIGURATION}-output-files.xcfilelist",
			);
			runOnlyForDeploymentPostprocessing = 0;
			shellPath = /bin/sh;
			shellScript = "\"${PODS_ROOT}/Target Support Files/Pods-GitWorld-GitWorldUITests/Pods-GitWorld-GitWorldUITests-resources.sh\"\n";
			showEnvVarsInLog = 0;
		};
		C65B318CE18BA3C9D2825D56 /* [CP] Check Pods Manifest.lock */ = {
			isa = PBXShellScriptBuildPhase;
			buildActionMask = 2147483647;
			files = (
			);
			inputFileListPaths = (
			);
			inputPaths = (
				"${PODS_PODFILE_DIR_PATH}/Podfile.lock",
				"${PODS_ROOT}/Manifest.lock",
			);
			name = "[CP] Check Pods Manifest.lock";
			outputFileListPaths = (
			);
			outputPaths = (
				"$(DERIVED_FILE_DIR)/Pods-GitWorld-GitWorldUITests-checkManifestLockResult.txt",
			);
			runOnlyForDeploymentPostprocessing = 0;
			shellPath = /bin/sh;
			shellScript = "diff \"${PODS_PODFILE_DIR_PATH}/Podfile.lock\" \"${PODS_ROOT}/Manifest.lock\" > /dev/null\nif [ $? != 0 ] ; then\n    # print error to STDERR\n    echo \"error: The sandbox is not in sync with the Podfile.lock. Run 'pod install' or update your CocoaPods installation.\" >&2\n    exit 1\nfi\n# This output is used by Xcode 'outputs' to avoid re-running this script phase.\necho \"SUCCESS\" > \"${SCRIPT_OUTPUT_FILE_0}\"\n";
			showEnvVarsInLog = 0;
		};
		F4022E1B1B8542136FD8AB8B /* [CP] Copy Pods Resources */ = {
			isa = PBXShellScriptBuildPhase;
			buildActionMask = 2147483647;
			files = (
			);
			inputFileListPaths = (
				"${PODS_ROOT}/Target Support Files/Pods-GitWorld/Pods-GitWorld-resources-${CONFIGURATION}-input-files.xcfilelist",
			);
			name = "[CP] Copy Pods Resources";
			outputFileListPaths = (
				"${PODS_ROOT}/Target Support Files/Pods-GitWorld/Pods-GitWorld-resources-${CONFIGURATION}-output-files.xcfilelist",
			);
			runOnlyForDeploymentPostprocessing = 0;
			shellPath = /bin/sh;
			shellScript = "\"${PODS_ROOT}/Target Support Files/Pods-GitWorld/Pods-GitWorld-resources.sh\"\n";
			showEnvVarsInLog = 0;
		};
/* End PBXShellScriptBuildPhase section */

/* Begin PBXSourcesBuildPhase section */
		B21533902B4D1C2F00C99FC6 /* Sources */ = {
			isa = PBXSourcesBuildPhase;
			buildActionMask = 2147483647;
			files = (
				B2AFC3172B888E12003BE5D5 /* AppConfiguration.swift in Sources */,
				B2CA53752B984AB700D16E74 /* RepositoryDetailViewController.swift in Sources */,
				B27CB3AD2B689D3E00742E3D /* SearchTabViewModel.swift in Sources */,
				B2CA537E2B98656A00D16E74 /* RepositoryDatabase.swift in Sources */,
				B2CA53792B984E5800D16E74 /* LoadingProgressLine.swift in Sources */,
				B2A0DCC32BA987B000C6EFB8 /* CollectTabUseCase.swift in Sources */,
				B2AFC31F2B8893EB003BE5D5 /* AppCoordinator.swift in Sources */,
				B2C207872B99B2B900A4907D /* SearchRepositoryListSecionModel.swift in Sources */,
				B27CB3AF2B689DC300742E3D /* RepositoryEntity.swift in Sources */,
				B2A0DCC52BA98C2F00C6EFB8 /* CollectTabViewController+TableView.swift in Sources */,
				B21533982B4D1C2F00C99FC6 /* AppDelegate.swift in Sources */,
				B2895E1F2B8EDBEC00F41FFD /* SearchTabRepository.swift in Sources */,
				B2CA53772B984ACA00D16E74 /* RepositoryDetailViewModel.swift in Sources */,
				B215339A2B4D1C2F00C99FC6 /* SceneDelegate.swift in Sources */,
				B2AFC3192B88929D003BE5D5 /* AppDependencies.swift in Sources */,
				B2AFC3222B889434003BE5D5 /* SearchTabCoordinator.swift in Sources */,
				B2AFC3122B888C21003BE5D5 /* AppAppearance.swift in Sources */,
				B27CB3AB2B689C8500742E3D /* SearchTabViewController.swift in Sources */,
				B2AFC3242B889443003BE5D5 /* SearchTabNavigator.swift in Sources */,
				B2CA537B2B98622600D16E74 /* RepositoryCellModel.swift in Sources */,
				B2A0DCBD2BA986BE00C6EFB8 /* CollectTabNavigator.swift in Sources */,
				B2A0DCC12BA9874800C6EFB8 /* CollectTabViewController.swift in Sources */,
				B2895E212B8EDC2F00F41FFD /* StandardSearchTabRepository.swift in Sources */,
				B2A0DCBB2BA986A800C6EFB8 /* CollectCoordinator.swift in Sources */,
				B2895E422B8F309D00F41FFD /* SearchTabViewController+TableView.swift in Sources */,
				B2AFC3262B88964D003BE5D5 /* SearchTabUseCase.swift in Sources */,
				B2895E452B8F31A200F41FFD /* RepositoryCell.swift in Sources */,
				B2A0DCBF2BA9871400C6EFB8 /* CollectTabViewModel.swift in Sources */,
			);
			runOnlyForDeploymentPostprocessing = 0;
		};
		B21533A62B4D1C3200C99FC6 /* Sources */ = {
			isa = PBXSourcesBuildPhase;
			buildActionMask = 2147483647;
			files = (
				B2A0DCC92BA9946F00C6EFB8 /* MockSearchTabUseCase.swift in Sources */,
				B2A0DCCB2BA994CB00C6EFB8 /* MockSearchTabNavigator.swift in Sources */,
				B2A0DCC72BA9933900C6EFB8 /* SearchTabViewModelTests.swift in Sources */,
				B21533AF2B4D1C3200C99FC6 /* GitWorldTests.swift in Sources */,
			);
			runOnlyForDeploymentPostprocessing = 0;
		};
		B21533B02B4D1C3200C99FC6 /* Sources */ = {
			isa = PBXSourcesBuildPhase;
			buildActionMask = 2147483647;
			files = (
				B21533BB2B4D1C3200C99FC6 /* GitWorldUITestsLaunchTests.swift in Sources */,
				B21533B92B4D1C3200C99FC6 /* GitWorldUITests.swift in Sources */,
			);
			runOnlyForDeploymentPostprocessing = 0;
		};
/* End PBXSourcesBuildPhase section */

/* Begin PBXTargetDependency section */
		B21533AC2B4D1C3200C99FC6 /* PBXTargetDependency */ = {
			isa = PBXTargetDependency;
			target = B21533932B4D1C2F00C99FC6 /* GitWorld */;
			targetProxy = B21533AB2B4D1C3200C99FC6 /* PBXContainerItemProxy */;
		};
		B21533B62B4D1C3200C99FC6 /* PBXTargetDependency */ = {
			isa = PBXTargetDependency;
			target = B21533932B4D1C2F00C99FC6 /* GitWorld */;
			targetProxy = B21533B52B4D1C3200C99FC6 /* PBXContainerItemProxy */;
		};
/* End PBXTargetDependency section */

/* Begin PBXVariantGroup section */
		B21533A22B4D1C3200C99FC6 /* LaunchScreen.storyboard */ = {
			isa = PBXVariantGroup;
			children = (
				B21533A32B4D1C3200C99FC6 /* Base */,
			);
			name = LaunchScreen.storyboard;
			sourceTree = "<group>";
		};
/* End PBXVariantGroup section */

/* Begin XCBuildConfiguration section */
		B21533BC2B4D1C3300C99FC6 /* Debug */ = {
			isa = XCBuildConfiguration;
			buildSettings = {
				ALWAYS_SEARCH_USER_PATHS = NO;
				ASSETCATALOG_COMPILER_GENERATE_SWIFT_ASSET_SYMBOL_EXTENSIONS = YES;
				CLANG_ANALYZER_NONNULL = YES;
				CLANG_ANALYZER_NUMBER_OBJECT_CONVERSION = YES_AGGRESSIVE;
				CLANG_CXX_LANGUAGE_STANDARD = "gnu++20";
				CLANG_ENABLE_MODULES = YES;
				CLANG_ENABLE_OBJC_ARC = YES;
				CLANG_ENABLE_OBJC_WEAK = YES;
				CLANG_WARN_BLOCK_CAPTURE_AUTORELEASING = YES;
				CLANG_WARN_BOOL_CONVERSION = YES;
				CLANG_WARN_COMMA = YES;
				CLANG_WARN_CONSTANT_CONVERSION = YES;
				CLANG_WARN_DEPRECATED_OBJC_IMPLEMENTATIONS = YES;
				CLANG_WARN_DIRECT_OBJC_ISA_USAGE = YES_ERROR;
				CLANG_WARN_DOCUMENTATION_COMMENTS = YES;
				CLANG_WARN_EMPTY_BODY = YES;
				CLANG_WARN_ENUM_CONVERSION = YES;
				CLANG_WARN_INFINITE_RECURSION = YES;
				CLANG_WARN_INT_CONVERSION = YES;
				CLANG_WARN_NON_LITERAL_NULL_CONVERSION = YES;
				CLANG_WARN_OBJC_IMPLICIT_RETAIN_SELF = YES;
				CLANG_WARN_OBJC_LITERAL_CONVERSION = YES;
				CLANG_WARN_OBJC_ROOT_CLASS = YES_ERROR;
				CLANG_WARN_QUOTED_INCLUDE_IN_FRAMEWORK_HEADER = YES;
				CLANG_WARN_RANGE_LOOP_ANALYSIS = YES;
				CLANG_WARN_STRICT_PROTOTYPES = YES;
				CLANG_WARN_SUSPICIOUS_MOVE = YES;
				CLANG_WARN_UNGUARDED_AVAILABILITY = YES_AGGRESSIVE;
				CLANG_WARN_UNREACHABLE_CODE = YES;
				CLANG_WARN__DUPLICATE_METHOD_MATCH = YES;
				COPY_PHASE_STRIP = NO;
				DEBUG_INFORMATION_FORMAT = dwarf;
				ENABLE_STRICT_OBJC_MSGSEND = YES;
				ENABLE_TESTABILITY = YES;
				ENABLE_USER_SCRIPT_SANDBOXING = YES;
				GCC_C_LANGUAGE_STANDARD = gnu17;
				GCC_DYNAMIC_NO_PIC = NO;
				GCC_NO_COMMON_BLOCKS = YES;
				GCC_OPTIMIZATION_LEVEL = 0;
				GCC_PREPROCESSOR_DEFINITIONS = (
					"DEBUG=1",
					"$(inherited)",
				);
				GCC_WARN_64_TO_32_BIT_CONVERSION = YES;
				GCC_WARN_ABOUT_RETURN_TYPE = YES_ERROR;
				GCC_WARN_UNDECLARED_SELECTOR = YES;
				GCC_WARN_UNINITIALIZED_AUTOS = YES_AGGRESSIVE;
				GCC_WARN_UNUSED_FUNCTION = YES;
				GCC_WARN_UNUSED_VARIABLE = YES;
				IPHONEOS_DEPLOYMENT_TARGET = 16.0;
				LOCALIZATION_PREFERS_STRING_CATALOGS = YES;
				MTL_ENABLE_DEBUG_INFO = INCLUDE_SOURCE;
				MTL_FAST_MATH = YES;
				ONLY_ACTIVE_ARCH = YES;
				SDKROOT = iphoneos;
				SWIFT_ACTIVE_COMPILATION_CONDITIONS = "DEBUG $(inherited)";
				SWIFT_OPTIMIZATION_LEVEL = "-Onone";
			};
			name = Debug;
		};
		B21533BD2B4D1C3300C99FC6 /* Release */ = {
			isa = XCBuildConfiguration;
			buildSettings = {
				ALWAYS_SEARCH_USER_PATHS = NO;
				ASSETCATALOG_COMPILER_GENERATE_SWIFT_ASSET_SYMBOL_EXTENSIONS = YES;
				CLANG_ANALYZER_NONNULL = YES;
				CLANG_ANALYZER_NUMBER_OBJECT_CONVERSION = YES_AGGRESSIVE;
				CLANG_CXX_LANGUAGE_STANDARD = "gnu++20";
				CLANG_ENABLE_MODULES = YES;
				CLANG_ENABLE_OBJC_ARC = YES;
				CLANG_ENABLE_OBJC_WEAK = YES;
				CLANG_WARN_BLOCK_CAPTURE_AUTORELEASING = YES;
				CLANG_WARN_BOOL_CONVERSION = YES;
				CLANG_WARN_COMMA = YES;
				CLANG_WARN_CONSTANT_CONVERSION = YES;
				CLANG_WARN_DEPRECATED_OBJC_IMPLEMENTATIONS = YES;
				CLANG_WARN_DIRECT_OBJC_ISA_USAGE = YES_ERROR;
				CLANG_WARN_DOCUMENTATION_COMMENTS = YES;
				CLANG_WARN_EMPTY_BODY = YES;
				CLANG_WARN_ENUM_CONVERSION = YES;
				CLANG_WARN_INFINITE_RECURSION = YES;
				CLANG_WARN_INT_CONVERSION = YES;
				CLANG_WARN_NON_LITERAL_NULL_CONVERSION = YES;
				CLANG_WARN_OBJC_IMPLICIT_RETAIN_SELF = YES;
				CLANG_WARN_OBJC_LITERAL_CONVERSION = YES;
				CLANG_WARN_OBJC_ROOT_CLASS = YES_ERROR;
				CLANG_WARN_QUOTED_INCLUDE_IN_FRAMEWORK_HEADER = YES;
				CLANG_WARN_RANGE_LOOP_ANALYSIS = YES;
				CLANG_WARN_STRICT_PROTOTYPES = YES;
				CLANG_WARN_SUSPICIOUS_MOVE = YES;
				CLANG_WARN_UNGUARDED_AVAILABILITY = YES_AGGRESSIVE;
				CLANG_WARN_UNREACHABLE_CODE = YES;
				CLANG_WARN__DUPLICATE_METHOD_MATCH = YES;
				COPY_PHASE_STRIP = NO;
				DEBUG_INFORMATION_FORMAT = "dwarf-with-dsym";
				ENABLE_NS_ASSERTIONS = NO;
				ENABLE_STRICT_OBJC_MSGSEND = YES;
				ENABLE_USER_SCRIPT_SANDBOXING = YES;
				GCC_C_LANGUAGE_STANDARD = gnu17;
				GCC_NO_COMMON_BLOCKS = YES;
				GCC_WARN_64_TO_32_BIT_CONVERSION = YES;
				GCC_WARN_ABOUT_RETURN_TYPE = YES_ERROR;
				GCC_WARN_UNDECLARED_SELECTOR = YES;
				GCC_WARN_UNINITIALIZED_AUTOS = YES_AGGRESSIVE;
				GCC_WARN_UNUSED_FUNCTION = YES;
				GCC_WARN_UNUSED_VARIABLE = YES;
				IPHONEOS_DEPLOYMENT_TARGET = 16.0;
				LOCALIZATION_PREFERS_STRING_CATALOGS = YES;
				MTL_ENABLE_DEBUG_INFO = NO;
				MTL_FAST_MATH = YES;
				SDKROOT = iphoneos;
				SWIFT_COMPILATION_MODE = wholemodule;
				VALIDATE_PRODUCT = YES;
			};
			name = Release;
		};
		B21533BF2B4D1C3300C99FC6 /* Debug */ = {
			isa = XCBuildConfiguration;
			baseConfigurationReference = B2FC2AE92BA42D71000F613D /* DebugConfig.xcconfig */;
			buildSettings = {
				ASSETCATALOG_COMPILER_APPICON_NAME = AppIcon;
				ASSETCATALOG_COMPILER_GLOBAL_ACCENT_COLOR_NAME = AccentColor;
				CODE_SIGN_STYLE = Automatic;
				CURRENT_PROJECT_VERSION = 1;
				DEVELOPMENT_TEAM = UNR72UUVF4;
				ENABLE_USER_SCRIPT_SANDBOXING = NO;
				GENERATE_INFOPLIST_FILE = YES;
				INFOPLIST_FILE = GitWorld/Resources/Info.plist;
				INFOPLIST_KEY_CFBundleDisplayName = "$(APP_NAME)";
				INFOPLIST_KEY_UIApplicationSupportsIndirectInputEvents = YES;
				INFOPLIST_KEY_UILaunchStoryboardName = LaunchScreen;
				INFOPLIST_KEY_UISupportedInterfaceOrientations_iPad = "UIInterfaceOrientationPortrait UIInterfaceOrientationPortraitUpsideDown UIInterfaceOrientationLandscapeLeft UIInterfaceOrientationLandscapeRight";
				INFOPLIST_KEY_UISupportedInterfaceOrientations_iPhone = "UIInterfaceOrientationPortrait UIInterfaceOrientationLandscapeLeft UIInterfaceOrientationLandscapeRight";
				INFOPLIST_KEY_UIUserInterfaceStyle = Light;
				IPHONEOS_DEPLOYMENT_TARGET = 16.0;
				LD_RUNPATH_SEARCH_PATHS = (
					"$(inherited)",
					"@executable_path/Frameworks",
				);
				MARKETING_VERSION = 1.0;
				PRODUCT_BUNDLE_IDENTIFIER = com.monkey.GitWorld;
				PRODUCT_NAME = "$(TARGET_NAME)";
				SWIFT_EMIT_LOC_STRINGS = YES;
				SWIFT_VERSION = 5.0;
				TARGETED_DEVICE_FAMILY = "1,2";
			};
			name = Debug;
		};
		B21533C02B4D1C3300C99FC6 /* Release */ = {
			isa = XCBuildConfiguration;
			baseConfigurationReference = B2FC2AEA2BA4304F000F613D /* ReleaseConfig.xcconfig */;
			buildSettings = {
				ASSETCATALOG_COMPILER_APPICON_NAME = AppIcon;
				ASSETCATALOG_COMPILER_GLOBAL_ACCENT_COLOR_NAME = AccentColor;
				CODE_SIGN_STYLE = Automatic;
				CURRENT_PROJECT_VERSION = 1;
				DEVELOPMENT_TEAM = UNR72UUVF4;
				ENABLE_USER_SCRIPT_SANDBOXING = NO;
				GENERATE_INFOPLIST_FILE = YES;
				INFOPLIST_FILE = GitWorld/Resources/Info.plist;
				INFOPLIST_KEY_CFBundleDisplayName = "$(APP_NAME)";
				INFOPLIST_KEY_UIApplicationSupportsIndirectInputEvents = YES;
				INFOPLIST_KEY_UILaunchStoryboardName = LaunchScreen;
				INFOPLIST_KEY_UISupportedInterfaceOrientations_iPad = "UIInterfaceOrientationPortrait UIInterfaceOrientationPortraitUpsideDown UIInterfaceOrientationLandscapeLeft UIInterfaceOrientationLandscapeRight";
				INFOPLIST_KEY_UISupportedInterfaceOrientations_iPhone = "UIInterfaceOrientationPortrait UIInterfaceOrientationLandscapeLeft UIInterfaceOrientationLandscapeRight";
				INFOPLIST_KEY_UIUserInterfaceStyle = Light;
				IPHONEOS_DEPLOYMENT_TARGET = 16.0;
				LD_RUNPATH_SEARCH_PATHS = (
					"$(inherited)",
					"@executable_path/Frameworks",
				);
				MARKETING_VERSION = 1.0;
				PRODUCT_BUNDLE_IDENTIFIER = com.monkey.GitWorld;
				PRODUCT_NAME = "$(TARGET_NAME)";
				SWIFT_EMIT_LOC_STRINGS = YES;
				SWIFT_VERSION = 5.0;
				TARGETED_DEVICE_FAMILY = "1,2";
			};
			name = Release;
		};
		B21533C22B4D1C3300C99FC6 /* Debug */ = {
			isa = XCBuildConfiguration;
			baseConfigurationReference = C9E965CB4E175543C479B284 /* Pods-GitWorldTests.debug.xcconfig */;
			buildSettings = {
				ALWAYS_EMBED_SWIFT_STANDARD_LIBRARIES = YES;
				BUNDLE_LOADER = "$(TEST_HOST)";
				CODE_SIGN_STYLE = Automatic;
				CURRENT_PROJECT_VERSION = 1;
				DEVELOPMENT_TEAM = UNR72UUVF4;
				GENERATE_INFOPLIST_FILE = YES;
				IPHONEOS_DEPLOYMENT_TARGET = 17.0;
				MARKETING_VERSION = 1.0;
				PRODUCT_BUNDLE_IDENTIFIER = com.monkey.GitWorldTests;
				PRODUCT_NAME = "$(TARGET_NAME)";
				SWIFT_EMIT_LOC_STRINGS = NO;
				SWIFT_VERSION = 5.0;
				TARGETED_DEVICE_FAMILY = "1,2";
				TEST_HOST = "$(BUILT_PRODUCTS_DIR)/GitWorld.app/$(BUNDLE_EXECUTABLE_FOLDER_PATH)/GitWorld";
			};
			name = Debug;
		};
		B21533C32B4D1C3300C99FC6 /* Release */ = {
			isa = XCBuildConfiguration;
			baseConfigurationReference = 84A0F85BD32A789A06041C70 /* Pods-GitWorldTests.release.xcconfig */;
			buildSettings = {
				ALWAYS_EMBED_SWIFT_STANDARD_LIBRARIES = YES;
				BUNDLE_LOADER = "$(TEST_HOST)";
				CODE_SIGN_STYLE = Automatic;
				CURRENT_PROJECT_VERSION = 1;
				DEVELOPMENT_TEAM = UNR72UUVF4;
				GENERATE_INFOPLIST_FILE = YES;
				IPHONEOS_DEPLOYMENT_TARGET = 17.0;
				MARKETING_VERSION = 1.0;
				PRODUCT_BUNDLE_IDENTIFIER = com.monkey.GitWorldTests;
				PRODUCT_NAME = "$(TARGET_NAME)";
				SWIFT_EMIT_LOC_STRINGS = NO;
				SWIFT_VERSION = 5.0;
				TARGETED_DEVICE_FAMILY = "1,2";
				TEST_HOST = "$(BUILT_PRODUCTS_DIR)/GitWorld.app/$(BUNDLE_EXECUTABLE_FOLDER_PATH)/GitWorld";
			};
			name = Release;
		};
		B21533C52B4D1C3300C99FC6 /* Debug */ = {
			isa = XCBuildConfiguration;
			baseConfigurationReference = 7B11496D86DA6BE72050A364 /* Pods-GitWorld-GitWorldUITests.debug.xcconfig */;
			buildSettings = {
				ALWAYS_EMBED_SWIFT_STANDARD_LIBRARIES = YES;
				CODE_SIGN_STYLE = Automatic;
				CURRENT_PROJECT_VERSION = 1;
				DEVELOPMENT_TEAM = UNR72UUVF4;
				GENERATE_INFOPLIST_FILE = YES;
				MARKETING_VERSION = 1.0;
				PRODUCT_BUNDLE_IDENTIFIER = com.monkey.GitWorldUITests;
				PRODUCT_NAME = "$(TARGET_NAME)";
				SWIFT_EMIT_LOC_STRINGS = NO;
				SWIFT_VERSION = 5.0;
				TARGETED_DEVICE_FAMILY = "1,2";
				TEST_TARGET_NAME = GitWorld;
			};
			name = Debug;
		};
		B21533C62B4D1C3300C99FC6 /* Release */ = {
			isa = XCBuildConfiguration;
			baseConfigurationReference = 98048AA4FEFF57E4E7F9E588 /* Pods-GitWorld-GitWorldUITests.release.xcconfig */;
			buildSettings = {
				ALWAYS_EMBED_SWIFT_STANDARD_LIBRARIES = YES;
				CODE_SIGN_STYLE = Automatic;
				CURRENT_PROJECT_VERSION = 1;
				DEVELOPMENT_TEAM = UNR72UUVF4;
				GENERATE_INFOPLIST_FILE = YES;
				MARKETING_VERSION = 1.0;
				PRODUCT_BUNDLE_IDENTIFIER = com.monkey.GitWorldUITests;
				PRODUCT_NAME = "$(TARGET_NAME)";
				SWIFT_EMIT_LOC_STRINGS = NO;
				SWIFT_VERSION = 5.0;
				TARGETED_DEVICE_FAMILY = "1,2";
				TEST_TARGET_NAME = GitWorld;
			};
			name = Release;
		};
/* End XCBuildConfiguration section */

/* Begin XCConfigurationList section */
		B215338F2B4D1C2F00C99FC6 /* Build configuration list for PBXProject "GitWorld" */ = {
			isa = XCConfigurationList;
			buildConfigurations = (
				B21533BC2B4D1C3300C99FC6 /* Debug */,
				B21533BD2B4D1C3300C99FC6 /* Release */,
			);
			defaultConfigurationIsVisible = 0;
			defaultConfigurationName = Release;
		};
		B21533BE2B4D1C3300C99FC6 /* Build configuration list for PBXNativeTarget "GitWorld" */ = {
			isa = XCConfigurationList;
			buildConfigurations = (
				B21533BF2B4D1C3300C99FC6 /* Debug */,
				B21533C02B4D1C3300C99FC6 /* Release */,
			);
			defaultConfigurationIsVisible = 0;
			defaultConfigurationName = Release;
		};
		B21533C12B4D1C3300C99FC6 /* Build configuration list for PBXNativeTarget "GitWorldTests" */ = {
			isa = XCConfigurationList;
			buildConfigurations = (
				B21533C22B4D1C3300C99FC6 /* Debug */,
				B21533C32B4D1C3300C99FC6 /* Release */,
			);
			defaultConfigurationIsVisible = 0;
			defaultConfigurationName = Release;
		};
		B21533C42B4D1C3300C99FC6 /* Build configuration list for PBXNativeTarget "GitWorldUITests" */ = {
			isa = XCConfigurationList;
			buildConfigurations = (
				B21533C52B4D1C3300C99FC6 /* Debug */,
				B21533C62B4D1C3300C99FC6 /* Release */,
			);
			defaultConfigurationIsVisible = 0;
			defaultConfigurationName = Release;
		};
/* End XCConfigurationList section */
	};
	rootObject = B215338C2B4D1C2F00C99FC6 /* Project object */;
}
